{
    "_meta": {
        "hash": {
            "sha256": "aa1d56193245eeef1bff7d216290d56c0d4b6b9d5b9f95a098261c1eb76b4a4c"
        },
        "pipfile-spec": 6,
        "requires": {
            "python_version": "3.8"
        },
        "sources": [
            {
                "name": "pypi",
                "url": "https://pypi.org/simple",
                "verify_ssl": true
            }
        ]
    },
    "default": {
        "aiodns": {
            "hashes": [
                "sha256:815fdef4607474295d68da46978a54481dd1e7be153c7d60f9e72773cd38d77d",
                "sha256:aaa5ac584f40fe778013df0aa6544bf157799bd3f608364b451840ed2c8688de"
            ],
            "index": "pypi",
            "version": "==2.0.0"
        },
        "aiohttp": {
            "hashes": [
                "sha256:1a4160579ffbc1b69e88cb6ca8bb0fbd4947dfcbf9fb1e2a4fc4c7a4a986c1fe",
                "sha256:206c0ccfcea46e1bddc91162449c20c72f308aebdcef4977420ef329c8fcc599",
                "sha256:2ad493de47a8f926386fa6d256832de3095ba285f325db917c7deae0b54a9fc8",
                "sha256:319b490a5e2beaf06891f6711856ea10591cfe84fe9f3e71a721aa8f20a0872a",
                "sha256:470e4c90da36b601676fe50c49a60d34eb8c6593780930b1aa4eea6f508dfa37",
                "sha256:60f4caa3b7f7a477f66ccdd158e06901e1d235d572283906276e3803f6b098f5",
                "sha256:66d64486172b032db19ea8522328b19cfb78a3e1e5b62ab6a0567f93f073dea0",
                "sha256:687461cd974722110d1763b45c5db4d2cdee8d50f57b00c43c7590d1dd77fc5c",
                "sha256:698cd7bc3c7d1b82bb728bae835724a486a8c376647aec336aa21a60113c3645",
                "sha256:797456399ffeef73172945708810f3277f794965eb6ec9bd3a0c007c0476be98",
                "sha256:a885432d3cabc1287bcf88ea94e1826d3aec57fd5da4a586afae4591b061d40d",
                "sha256:c506853ba52e516b264b106321c424d03f3ddef2813246432fa9d1cefd361c81",
                "sha256:fb83326d8295e8840e4ba774edf346e87eca78ba8a89c55d2690352842c15ba5"
            ],
            "index": "pypi",
            "version": "==3.6.3"
        },
        "aiosqlite": {
            "hashes": [
                "sha256:6c49dc6d3405929b1d08eeccc72306d3677503cc5e5e43771efc1e00232e8231",
                "sha256:f0e6acc24bc4864149267ac82fb46dfb3be4455f99fe21df82609cc6e6baee51"
            ],
            "version": "==0.17.0"
        },
        "async-timeout": {
            "hashes": [
                "sha256:0c3c816a028d47f659d6ff5c745cb2acf1f966da1fe5c19c77a70282b25f4c5f",
                "sha256:4291ca197d287d274d0b6cb5d6f8f8f82d434ed288f962539ff18cc9012f9ea3"
            ],
            "version": "==3.0.1"
        },
        "attrs": {
            "hashes": [
                "sha256:149e90d6d8ac20db7a955ad60cf0e6881a3f20d37096140088356da6c716b0b1",
                "sha256:ef6aaac3ca6cd92904cdd0d83f629a15f18053ec84e6432106f7a4d04ae4f5fb"
            ],
            "version": "==21.2.0"
        },
        "cachetools": {
            "hashes": [
                "sha256:2cc0b89715337ab6dbba85b5b50effe2b0c74e035d83ee8ed637cf52f12ae001",
                "sha256:61b5ed1e22a0924aed1d23b478f37e8d52549ff8a961de2909c69bf950020cff"
            ],
            "version": "==4.2.2"
        },
        "cchardet": {
            "hashes": [
                "sha256:0b859069bbb9d27c78a2c9eb997e6f4b738db2d7039a03f8792b4058d61d1109",
                "sha256:228d2533987c450f39acf7548f474dd6814c446e9d6bd228e8f1d9a2d210f10b",
                "sha256:2309ff8fc652b0fc3c0cff5dbb172530c7abb92fe9ba2417c9c0bcf688463c1c",
                "sha256:24974b3e40fee9e7557bb352be625c39ec6f50bc2053f44a3d1191db70b51675",
                "sha256:273699c4e5cd75377776501b72a7b291a988c6eec259c29505094553ee505597",
                "sha256:27a9ba87c9f99e0618e1d3081189b1217a7d110e5c5597b0b7b7c3fedd1c340a",
                "sha256:302aa443ae2526755d412c9631136bdcd1374acd08e34f527447f06f3c2ddb98",
                "sha256:45456c59ec349b29628a3c6bfb86d818ec3a6fbb7eb72de4ff3bd4713681c0e3",
                "sha256:48ba829badef61441e08805cfa474ccd2774be2ff44b34898f5854168c596d4d",
                "sha256:50ad671e8d6c886496db62c3bd68b8d55060688c655873aa4ce25ca6105409a1",
                "sha256:54341e7e1ba9dc0add4c9d23b48d3a94e2733065c13920e85895f944596f6150",
                "sha256:54d0b26fd0cd4099f08fb9c167600f3e83619abefeaa68ad823cc8ac1f7bcc0c",
                "sha256:5a25f9577e9bebe1a085eec2d6fdd72b7a9dd680811bba652ea6090fb2ff472f",
                "sha256:6b6397d8a32b976a333bdae060febd39ad5479817fabf489e5596a588ad05133",
                "sha256:70eeae8aaf61192e9b247cf28969faef00578becd2602526ecd8ae7600d25e0e",
                "sha256:80e6faae75ecb9be04a7b258dc4750d459529debb6b8dee024745b7b5a949a34",
                "sha256:90086e5645f8a1801350f4cc6cb5d5bf12d3fa943811bb08667744ec1ecc9ccd",
                "sha256:a39526c1c526843965cec589a6f6b7c2ab07e3e56dc09a7f77a2be6a6afa4636",
                "sha256:b154effa12886e9c18555dfc41a110f601f08d69a71809c8d908be4b1ab7314f",
                "sha256:b59ddc615883835e03c26f81d5fc3671fab2d32035c87f50862de0da7d7db535",
                "sha256:bd7f262f41fd9caf5a5f09207a55861a67af6ad5c66612043ed0f81c58cdf376",
                "sha256:c428b6336545053c2589f6caf24ea32276c6664cb86db817e03a94c60afa0eaf",
                "sha256:c6f70139aaf47ffb94d89db603af849b82efdf756f187cdd3e566e30976c519f",
                "sha256:c96aee9ebd1147400e608a3eff97c44f49811f8904e5a43069d55603ac4d8c97",
                "sha256:ec3eb5a9c475208cf52423524dcaf713c394393e18902e861f983c38eeb77f18",
                "sha256:eee4f5403dc3a37a1ca9ab87db32b48dc7e190ef84601068f45397144427cc5e",
                "sha256:f16517f3697569822c6d09671217fdeab61dfebc7acb5068634d6b0728b86c0b",
                "sha256:f86e0566cb61dc4397297696a4a1b30f6391b50bc52b4f073507a48466b6255a",
                "sha256:fdac1e4366d0579fff056d1280b8dc6348be964fda8ebb627c0269e097ab37fa"
            ],
            "index": "pypi",
            "version": "==2.1.7"
        },
        "certifi": {
            "hashes": [
                "sha256:2bbf76fd432960138b3ef6dda3dde0544f27cbf8546c458e60baf371917ba9ee",
                "sha256:50b1e4f8446b06f41be7dd6338db18e0990601dce795c2b1686458aa7e8fa7d8"
            ],
            "version": "==2021.5.30"
        },
        "cffi": {
            "hashes": [
                "sha256:005a36f41773e148deac64b08f233873a4d0c18b053d37da83f6af4d9087b813",
                "sha256:04c468b622ed31d408fea2346bec5bbffba2cc44226302a0de1ade9f5ea3d373",
                "sha256:06d7cd1abac2ffd92e65c0609661866709b4b2d82dd15f611e602b9b188b0b69",
                "sha256:06db6321b7a68b2bd6df96d08a5adadc1fa0e8f419226e25b2a5fbf6ccc7350f",
                "sha256:0857f0ae312d855239a55c81ef453ee8fd24136eaba8e87a2eceba644c0d4c06",
                "sha256:0f861a89e0043afec2a51fd177a567005847973be86f709bbb044d7f42fc4e05",
                "sha256:1071534bbbf8cbb31b498d5d9db0f274f2f7a865adca4ae429e147ba40f73dea",
                "sha256:158d0d15119b4b7ff6b926536763dc0714313aa59e320ddf787502c70c4d4bee",
                "sha256:1bf1ac1984eaa7675ca8d5745a8cb87ef7abecb5592178406e55858d411eadc0",
                "sha256:1f436816fc868b098b0d63b8920de7d208c90a67212546d02f84fe78a9c26396",
                "sha256:24a570cd11895b60829e941f2613a4f79df1a27344cbbb82164ef2e0116f09c7",
                "sha256:24ec4ff2c5c0c8f9c6b87d5bb53555bf267e1e6f70e52e5a9740d32861d36b6f",
                "sha256:2894f2df484ff56d717bead0a5c2abb6b9d2bf26d6960c4604d5c48bbc30ee73",
                "sha256:29314480e958fd8aab22e4a58b355b629c59bf5f2ac2492b61e3dc06d8c7a315",
                "sha256:293e7ea41280cb28c6fcaaa0b1aa1f533b8ce060b9e701d78511e1e6c4a1de76",
                "sha256:34eff4b97f3d982fb93e2831e6750127d1355a923ebaeeb565407b3d2f8d41a1",
                "sha256:35f27e6eb43380fa080dccf676dece30bef72e4a67617ffda586641cd4508d49",
                "sha256:3c3f39fa737542161d8b0d680df2ec249334cd70a8f420f71c9304bd83c3cbed",
                "sha256:3d3dd4c9e559eb172ecf00a2a7517e97d1e96de2a5e610bd9b68cea3925b4892",
                "sha256:43e0b9d9e2c9e5d152946b9c5fe062c151614b262fda2e7b201204de0b99e482",
                "sha256:48e1c69bbacfc3d932221851b39d49e81567a4d4aac3b21258d9c24578280058",
                "sha256:51182f8927c5af975fece87b1b369f722c570fe169f9880764b1ee3bca8347b5",
                "sha256:58e3f59d583d413809d60779492342801d6e82fefb89c86a38e040c16883be53",
                "sha256:5de7970188bb46b7bf9858eb6890aad302577a5f6f75091fd7cdd3ef13ef3045",
                "sha256:65fa59693c62cf06e45ddbb822165394a288edce9e276647f0046e1ec26920f3",
                "sha256:681d07b0d1e3c462dd15585ef5e33cb021321588bebd910124ef4f4fb71aef55",
                "sha256:69e395c24fc60aad6bb4fa7e583698ea6cc684648e1ffb7fe85e3c1ca131a7d5",
                "sha256:6c97d7350133666fbb5cf4abdc1178c812cb205dc6f41d174a7b0f18fb93337e",
                "sha256:6e4714cc64f474e4d6e37cfff31a814b509a35cb17de4fb1999907575684479c",
                "sha256:72d8d3ef52c208ee1c7b2e341f7d71c6fd3157138abf1a95166e6165dd5d4369",
                "sha256:8ae6299f6c68de06f136f1f9e69458eae58f1dacf10af5c17353eae03aa0d827",
                "sha256:8b198cec6c72df5289c05b05b8b0969819783f9418e0409865dac47288d2a053",
                "sha256:99cd03ae7988a93dd00bcd9d0b75e1f6c426063d6f03d2f90b89e29b25b82dfa",
                "sha256:9cf8022fb8d07a97c178b02327b284521c7708d7c71a9c9c355c178ac4bbd3d4",
                "sha256:9de2e279153a443c656f2defd67769e6d1e4163952b3c622dcea5b08a6405322",
                "sha256:9e93e79c2551ff263400e1e4be085a1210e12073a31c2011dbbda14bda0c6132",
                "sha256:9ff227395193126d82e60319a673a037d5de84633f11279e336f9c0f189ecc62",
                "sha256:a465da611f6fa124963b91bf432d960a555563efe4ed1cc403ba5077b15370aa",
                "sha256:ad17025d226ee5beec591b52800c11680fca3df50b8b29fe51d882576e039ee0",
                "sha256:afb29c1ba2e5a3736f1c301d9d0abe3ec8b86957d04ddfa9d7a6a42b9367e396",
                "sha256:b85eb46a81787c50650f2392b9b4ef23e1f126313b9e0e9013b35c15e4288e2e",
                "sha256:bb89f306e5da99f4d922728ddcd6f7fcebb3241fc40edebcb7284d7514741991",
                "sha256:cbde590d4faaa07c72bf979734738f328d239913ba3e043b1e98fe9a39f8b2b6",
                "sha256:cc5a8e069b9ebfa22e26d0e6b97d6f9781302fe7f4f2b8776c3e1daea35f1adc",
                "sha256:cd2868886d547469123fadc46eac7ea5253ea7fcb139f12e1dfc2bbd406427d1",
                "sha256:d42b11d692e11b6634f7613ad8df5d6d5f8875f5d48939520d351007b3c13406",
                "sha256:df5052c5d867c1ea0b311fb7c3cd28b19df469c056f7fdcfe88c7473aa63e333",
                "sha256:f2d45f97ab6bb54753eab54fffe75aaf3de4ff2341c9daee1987ee1837636f1d",
                "sha256:fd78e5fee591709f32ef6edb9a015b4aa1a5022598e36227500c8f4e02328d9c"
            ],
            "version": "==1.14.5"
        },
        "chardet": {
            "hashes": [
                "sha256:84ab92ed1c4d4f16916e05906b6b75a6c0fb5db821cc65e70cbd64a3e2a5eaae",
                "sha256:fc323ffcaeaed0e0a02bf4d117757b98aed530d9ed4531e3e15460124c106691"
            ],
            "version": "==3.0.4"
        },
        "databases": {
            "extras": [
                "sqlite"
            ],
            "hashes": [
                "sha256:8aac48977c3827a7c9bc4d94a0b138ac7fa60679facd3d4b15e4533f463e48fa",
                "sha256:f8a2f48f17f39803d7b74e810be0ad4add030f392f178fc1ded374d80c9645a9"
            ],
            "index": "pypi",
            "version": "==0.4.0"
        },
        "discord.py": {
            "hashes": [
                "sha256:114e76cd27362fb919abf7f001a2dbdc77c9a67cff74ed6a89aecd6582ee298e",
                "sha256:f179db299c949a8cf0a12c1b1b94d0da9a18e088857154d93ae5ab1d807ec61d"
            ],
            "index": "pypi",
            "version": "==1.7.2"
        },
        "docopt": {
            "hashes": [
                "sha256:49b3a825280bd66b3aa83585ef59c4a8c82f2c8a522dbe754a8bc8d08c85c491"
            ],
            "version": "==0.6.2"
        },
        "greenlet": {
            "hashes": [
                "sha256:03f28a5ea20201e70ab70518d151116ce939b412961c33827519ce620957d44c",
                "sha256:06d7ac89e6094a0a8f8dc46aa61898e9e1aec79b0f8b47b2400dd51a44dbc832",
                "sha256:06ecb43b04480e6bafc45cb1b4b67c785e183ce12c079473359e04a709333b08",
                "sha256:096cb0217d1505826ba3d723e8981096f2622cde1eb91af9ed89a17c10aa1f3e",
                "sha256:0c557c809eeee215b87e8a7cbfb2d783fb5598a78342c29ade561440abae7d22",
                "sha256:0de64d419b1cb1bfd4ea544bedea4b535ef3ae1e150b0f2609da14bbf48a4a5f",
                "sha256:14927b15c953f8f2d2a8dffa224aa78d7759ef95284d4c39e1745cf36e8cdd2c",
                "sha256:16183fa53bc1a037c38d75fdc59d6208181fa28024a12a7f64bb0884434c91ea",
                "sha256:206295d270f702bc27dbdbd7651e8ebe42d319139e0d90217b2074309a200da8",
                "sha256:22002259e5b7828b05600a762579fa2f8b33373ad95a0ee57b4d6109d0e589ad",
                "sha256:2325123ff3a8ecc10ca76f062445efef13b6cf5a23389e2df3c02a4a527b89bc",
                "sha256:258f9612aba0d06785143ee1cbf2d7361801c95489c0bd10c69d163ec5254a16",
                "sha256:3096286a6072553b5dbd5efbefc22297e9d06a05ac14ba017233fedaed7584a8",
                "sha256:3d13da093d44dee7535b91049e44dd2b5540c2a0e15df168404d3dd2626e0ec5",
                "sha256:408071b64e52192869129a205e5b463abda36eff0cebb19d6e63369440e4dc99",
                "sha256:598bcfd841e0b1d88e32e6a5ea48348a2c726461b05ff057c1b8692be9443c6e",
                "sha256:5d928e2e3c3906e0a29b43dc26d9b3d6e36921eee276786c4e7ad9ff5665c78a",
                "sha256:5f75e7f237428755d00e7460239a2482fa7e3970db56c8935bd60da3f0733e56",
                "sha256:60848099b76467ef09b62b0f4512e7e6f0a2c977357a036de602b653667f5f4c",
                "sha256:6b1d08f2e7f2048d77343279c4d4faa7aef168b3e36039cba1917fffb781a8ed",
                "sha256:70bd1bb271e9429e2793902dfd194b653221904a07cbf207c3139e2672d17959",
                "sha256:76ed710b4e953fc31c663b079d317c18f40235ba2e3d55f70ff80794f7b57922",
                "sha256:7920e3eccd26b7f4c661b746002f5ec5f0928076bd738d38d894bb359ce51927",
                "sha256:7db68f15486d412b8e2cfcd584bf3b3a000911d25779d081cbbae76d71bd1a7e",
                "sha256:8833e27949ea32d27f7e96930fa29404dd4f2feb13cce483daf52e8842ec246a",
                "sha256:944fbdd540712d5377a8795c840a97ff71e7f3221d3fddc98769a15a87b36131",
                "sha256:9a6b035aa2c5fcf3dbbf0e3a8a5bc75286fc2d4e6f9cfa738788b433ec894919",
                "sha256:9bdcff4b9051fb1aa4bba4fceff6a5f770c6be436408efd99b76fc827f2a9319",
                "sha256:a9017ff5fc2522e45562882ff481128631bf35da444775bc2776ac5c61d8bcae",
                "sha256:aa4230234d02e6f32f189fd40b59d5a968fe77e80f59c9c933384fe8ba535535",
                "sha256:ad80bb338cf9f8129c049837a42a43451fc7c8b57ad56f8e6d32e7697b115505",
                "sha256:adb94a28225005890d4cf73648b5131e885c7b4b17bc762779f061844aabcc11",
                "sha256:b3090631fecdf7e983d183d0fad7ea72cfb12fa9212461a9b708ff7907ffff47",
                "sha256:b33b51ab057f8a20b497ffafdb1e79256db0c03ef4f5e3d52e7497200e11f821",
                "sha256:b97c9a144bbeec7039cca44df117efcbeed7209543f5695201cacf05ba3b5857",
                "sha256:be13a18cec649ebaab835dff269e914679ef329204704869f2f167b2c163a9da",
                "sha256:be9768e56f92d1d7cd94185bab5856f3c5589a50d221c166cc2ad5eb134bd1dc",
                "sha256:c1580087ab493c6b43e66f2bdd165d9e3c1e86ef83f6c2c44a29f2869d2c5bd5",
                "sha256:c35872b2916ab5a240d52a94314c963476c989814ba9b519bc842e5b61b464bb",
                "sha256:c70c7dd733a4c56838d1f1781e769081a25fade879510c5b5f0df76956abfa05",
                "sha256:c767458511a59f6f597bfb0032a1c82a52c29ae228c2c0a6865cfeaeaac4c5f5",
                "sha256:c87df8ae3f01ffb4483c796fe1b15232ce2b219f0b18126948616224d3f658ee",
                "sha256:ca1c4a569232c063615f9e70ff9a1e2fee8c66a6fb5caf0f5e8b21a396deec3e",
                "sha256:cc407b68e0a874e7ece60f6639df46309376882152345508be94da608cc0b831",
                "sha256:da862b8f7de577bc421323714f63276acb2f759ab8c5e33335509f0b89e06b8f",
                "sha256:dfe7eac0d253915116ed0cd160a15a88981a1d194c1ef151e862a5c7d2f853d3",
                "sha256:ed1377feed808c9c1139bdb6a61bcbf030c236dd288d6fca71ac26906ab03ba6",
                "sha256:f42ad188466d946f1b3afc0a9e1a266ac8926461ee0786c06baac6bd71f8a6f3",
                "sha256:f92731609d6625e1cc26ff5757db4d32b6b810d2a3363b0ff94ff573e5901f6f"
            ],
            "markers": "python_version >= '3'",
            "version": "==1.1.0"
        },
        "idna": {
            "hashes": [
                "sha256:b307872f855b18632ce0c21c5e45be78c0ea7ae4c15c828c20788b26921eb3f6",
                "sha256:b97d804b1e9b523befed77c48dacec60e6dcb0b5391d57af6a65a312a90648c0"
            ],
            "version": "==2.10"
        },
        "monotonic": {
            "hashes": [
                "sha256:68687e19a14f11f26d140dd5c86f3dba4bf5df58003000ed467e0e2a69bca96c"
            ],
            "version": "==1.6"
        },
        "multidict": {
            "hashes": [
                "sha256:1ece5a3369835c20ed57adadc663400b5525904e53bae59ec854a5d36b39b21a",
                "sha256:275ca32383bc5d1894b6975bb4ca6a7ff16ab76fa622967625baeebcf8079000",
                "sha256:3750f2205b800aac4bb03b5ae48025a64e474d2c6cc79547988ba1d4122a09e2",
                "sha256:4538273208e7294b2659b1602490f4ed3ab1c8cf9dbdd817e0e9db8e64be2507",
                "sha256:5141c13374e6b25fe6bf092052ab55c0c03d21bd66c94a0e3ae371d3e4d865a5",
                "sha256:51a4d210404ac61d32dada00a50ea7ba412e6ea945bbe992e4d7a595276d2ec7",
                "sha256:5cf311a0f5ef80fe73e4f4c0f0998ec08f954a6ec72b746f3c179e37de1d210d",
                "sha256:6513728873f4326999429a8b00fc7ceddb2509b01d5fd3f3be7881a257b8d463",
                "sha256:7388d2ef3c55a8ba80da62ecfafa06a1c097c18032a501ffd4cabbc52d7f2b19",
                "sha256:9456e90649005ad40558f4cf51dbb842e32807df75146c6d940b6f5abb4a78f3",
                "sha256:c026fe9a05130e44157b98fea3ab12969e5b60691a276150db9eda71710cd10b",
                "sha256:d14842362ed4cf63751648e7672f7174c9818459d169231d03c56e84daf90b7c",
                "sha256:e0d072ae0f2a179c375f67e3da300b47e1a83293c554450b29c900e50afaae87",
                "sha256:f07acae137b71af3bb548bd8da720956a3bc9f9a0b87733e0899226a2317aeb7",
                "sha256:fbb77a75e529021e7c4a8d4e823d88ef4d23674a202be4f5addffc72cbb91430",
                "sha256:fcfbb44c59af3f8ea984de67ec7c306f618a3ec771c2843804069917a8f2e255",
                "sha256:feed85993dbdb1dbc29102f50bca65bdc68f2c0c8d352468c25b54874f23c39d"
            ],
            "version": "==4.7.6"
        },
        "pillow": {
            "hashes": [
                "sha256:006de60d7580d81f4a1a7e9f0173dc90a932e3905cc4d47ea909bc946302311a",
                "sha256:0a2e8d03787ec7ad71dc18aec9367c946ef8ef50e1e78c71f743bc3a770f9fae",
                "sha256:0eeeae397e5a79dc088d8297a4c2c6f901f8fb30db47795113a4a605d0f1e5ce",
                "sha256:11c5c6e9b02c9dac08af04f093eb5a2f84857df70a7d4a6a6ad461aca803fb9e",
                "sha256:2fb113757a369a6cdb189f8df3226e995acfed0a8919a72416626af1a0a71140",
                "sha256:4b0ef2470c4979e345e4e0cc1bbac65fda11d0d7b789dbac035e4c6ce3f98adb",
                "sha256:59e903ca800c8cfd1ebe482349ec7c35687b95e98cefae213e271c8c7fffa021",
                "sha256:5abd653a23c35d980b332bc0431d39663b1709d64142e3652890df4c9b6970f6",
                "sha256:5f9403af9c790cc18411ea398a6950ee2def2a830ad0cfe6dc9122e6d528b302",
                "sha256:6b4a8fd632b4ebee28282a9fef4c341835a1aa8671e2770b6f89adc8e8c2703c",
                "sha256:6c1aca8231625115104a06e4389fcd9ec88f0c9befbabd80dc206c35561be271",
                "sha256:795e91a60f291e75de2e20e6bdd67770f793c8605b553cb6e4387ce0cb302e09",
                "sha256:7ba0ba61252ab23052e642abdb17fd08fdcfdbbf3b74c969a30c58ac1ade7cd3",
                "sha256:7c9401e68730d6c4245b8e361d3d13e1035cbc94db86b49dc7da8bec235d0015",
                "sha256:81f812d8f5e8a09b246515fac141e9d10113229bc33ea073fec11403b016bcf3",
                "sha256:895d54c0ddc78a478c80f9c438579ac15f3e27bf442c2a9aa74d41d0e4d12544",
                "sha256:8de332053707c80963b589b22f8e0229f1be1f3ca862a932c1bcd48dafb18dd8",
                "sha256:92c882b70a40c79de9f5294dc99390671e07fc0b0113d472cbea3fde15db1792",
                "sha256:95edb1ed513e68bddc2aee3de66ceaf743590bf16c023fb9977adc4be15bd3f0",
                "sha256:b63d4ff734263ae4ce6593798bcfee6dbfb00523c82753a3a03cbc05555a9cc3",
                "sha256:bd7bf289e05470b1bc74889d1466d9ad4a56d201f24397557b6f65c24a6844b8",
                "sha256:cc3ea6b23954da84dbee8025c616040d9aa5eaf34ea6895a0a762ee9d3e12e11",
                "sha256:cc9ec588c6ef3a1325fa032ec14d97b7309db493782ea8c304666fb10c3bd9a7",
                "sha256:d3d07c86d4efa1facdf32aa878bd508c0dc4f87c48125cc16b937baa4e5b5e11",
                "sha256:d8a96747df78cda35980905bf26e72960cba6d355ace4780d4bdde3b217cdf1e",
                "sha256:e38d58d9138ef972fceb7aeec4be02e3f01d383723965bfcef14d174c8ccd039",
                "sha256:eb472586374dc66b31e36e14720747595c2b265ae962987261f044e5cce644b5",
                "sha256:fbd922f702582cb0d71ef94442bfca57624352622d75e3be7a1e7e9360b07e72"
            ],
            "index": "pypi",
            "version": "==8.0.1"
        },
        "pycares": {
            "hashes": [
                "sha256:09b28fc7bc2cc05f7f69bf1636ddf46086e0a1837b62961e2092fcb40477320d",
                "sha256:0aa97f900a7ffb259be77d640006585e2a907b0cd4edeee0e85cf16605995d5a",
                "sha256:103353577a6266a53e71bfee4cf83825f1401fefa60f0fb8bdec35f13be6a5f2",
                "sha256:1b959dd5921d207d759d421eece1b60416df33a7f862465739d5f2c363c2f523",
                "sha256:26e67e4f81c80a5955dcf6193f3d9bee3c491fc0056299b383b84d792252fba4",
                "sha256:38e54037f36c149146ff15f17a4a963fbdd0f9871d4a21cd94ff9f368140f57e",
                "sha256:3c7fb8d34ee11971c39acfaf98d0fac66725385ccef3bfe1b174c92b210e1aa4",
                "sha256:3d5e50c95849f6905d2a9dbf02ed03f82580173e3c5604a39e2ad054185631f1",
                "sha256:44896d6e191a6b5a914dbe3aa7c748481bf6ad19a9df33c1e76f8f2dc33fc8f0",
                "sha256:4876fc790ae32832ae270c4a010a1a77e12ddf8d8e6ad70ad0b0a9d506c985f7",
                "sha256:53bc4f181b19576499b02cea4b45391e8dcbe30abd4cd01492f66bfc15615a13",
                "sha256:57315b8eb8fdbc56b3ad4932bc4b17132bb7c7fd2bd590f7fb84b6b522098aa9",
                "sha256:615406013cdcd1b445e5d1a551d276c6200b3abe77e534f8a7f7e1551208d14f",
                "sha256:6580aef5d1b29a88c3d72fe73c691eacfd454f86e74d3fdd18f4bad8e8def98b",
                "sha256:6f258c1b74c048a9501a25f732f11b401564005e5e3c18f1ca6cad0c3dc0fb19",
                "sha256:7661d6bbd51a337e7373cb356efa8be9b4655fda484e068f9455e939aec8d54e",
                "sha256:82b3259cb590ddd107a6d2dc52da2a2e9a986bf242e893d58c786af2f8191047",
                "sha256:8ebb3ba0485f66cae8eed7ce3e9ed6f2c0bfd5e7319d5d0fbbb511064f17e1d4",
                "sha256:a34b0e3e693dceb60b8a1169668d606c75cb100ceba0a2df53c234a0eb067fbc",
                "sha256:ad6caf580ee69806fc6534be93ddbb6e99bf94296d79ab351c37b2992b17abfd",
                "sha256:b17ef48729786e62b574c6431f675f4cb02b27691b49e7428a605a50cd59c072",
                "sha256:c5362b7690ca481440f6b98395ac6df06aa50518ccb183c560464d1e5e2ab5d4",
                "sha256:c95c964d5dd307e104b44b193095c67bb6b10c9eda1ffe7d44ab7a9e84c476d9",
                "sha256:cd3011ffd5e1ad55880f7256791dbab9c43ebeda260474a968f19cd0319e1aef",
                "sha256:d0154fc5753b088758fbec9bc137e1b24bb84fc0c6a09725c8bac25a342311cd",
                "sha256:d4a5081e232c1d181883dcac4675807f3a6cf33911c4173fbea00c0523687ed4",
                "sha256:d52f9c725d2a826d5ffa37681eb07ffb996bfe21788590ef257664a3898fc0b5",
                "sha256:db5a533111a3cfd481e7e4fb2bf8bef69f4fa100339803e0504dd5aecafb96a5",
                "sha256:dca9dc58845a9d083f302732a3130c68ded845ad5d463865d464e53c75a3dd45",
                "sha256:e9773e07684a55f54657df05237267611a77b294ec3bacb5f851c4ffca38a465",
                "sha256:eb60be66accc9a9ea1018b591a1f5800cba83491d07e9acc8c56bc6e6607ab54",
                "sha256:f60c04c5561b1ddf85ca4e626943cc09d7fb684e1adb22abb632095415a40fd7",
                "sha256:fdff88393c25016f417770d82678423fc7a56995abb2df3d2a1e55725db6977d"
            ],
            "version": "==4.0.0"
        },
        "pycparser": {
            "hashes": [
                "sha256:2d475327684562c3a96cc71adf7dc8c4f0565175cf86b6d7a404ff4c771f15f0",
                "sha256:7582ad22678f0fcd81102833f60ef8d0e57288b6b5fb00323d101be910e35705"
            ],
            "version": "==2.20"
        },
        "pycryptodomex": {
            "hashes": [
                "sha256:00a584ee52bf5e27d540129ca9bf7c4a7e7447f24ff4a220faa1304ad0c09bcd",
                "sha256:04265a7a84ae002001249bd1de2823bcf46832bd4b58f6965567cb8a07cf4f00",
                "sha256:0bd35af6a18b724c689e56f2dbbdd8e409288be71952d271ba3d9614b31d188c",
                "sha256:20c45a30f3389148f94edb77f3b216c677a277942f62a2b81a1cc0b6b2dde7fc",
                "sha256:2959304d1ce31ab303d9fb5db2b294814278b35154d9b30bf7facc52d6088d0a",
                "sha256:36dab7f506948056ceba2d57c1ade74e898401960de697cefc02f3519bd26c1b",
                "sha256:37ec1b407ec032c7a0c1fdd2da12813f560bad38ae61ad9c7ce3c0573b3e5e30",
                "sha256:3b8eb85b3cc7f083d87978c264d10ff9de3b4bfc46f1c6fdc2792e7d7ebc87bb",
                "sha256:3dfce70c4e425607ae87b8eae67c9c7dbba59a33b62d70f79417aef0bc5c735b",
                "sha256:418f51c61eab52d9920f4ef468d22c89dab1be5ac796f71cf3802f6a6e667df0",
                "sha256:4195604f75cdc1db9bccdb9e44d783add3c817319c30aaff011670c9ed167690",
                "sha256:4344ab16faf6c2d9df2b6772995623698fb2d5f114dace4ab2ff335550cf71d5",
                "sha256:541cd3e3e252fb19a7b48f420b798b53483302b7fe4d9954c947605d0a263d62",
                "sha256:564063e3782474c92cbb333effd06e6eb718471783c6e67f28c63f0fc3ac7b23",
                "sha256:72f44b5be46faef2a1bf2a85902511b31f4dd7b01ce0c3978e92edb2cc812a82",
                "sha256:8a98e02cbf8f624add45deff444539bf26345b479fc04fa0937b23cd84078d91",
                "sha256:940db96449d7b2ebb2c7bf190be1514f3d67914bd37e54e8d30a182bd375a1a9",
                "sha256:961333e7ee896651f02d4692242aa36b787b8e8e0baa2256717b2b9d55ae0a3c",
                "sha256:9f713ffb4e27b5575bd917c70bbc3f7b348241a351015dbbc514c01b7061ff7e",
                "sha256:a6584ae58001d17bb4dc0faa8a426919c2c028ef4d90ceb4191802ca6edb8204",
                "sha256:c2b680987f418858e89dbb4f09c8c919ece62811780a27051ace72b2f69fb1be",
                "sha256:d8fae5ba3d34c868ae43614e0bd6fb61114b2687ac3255798791ce075d95aece",
                "sha256:dbd2c361db939a4252589baa94da4404d45e3fc70da1a31e541644cdf354336e",
                "sha256:e090a8609e2095aa86978559b140cf8968af99ee54b8791b29ff804838f29f10",
                "sha256:e4a1245e7b846e88ba63e7543483bda61b9acbaee61eadbead5a1ce479d94740",
                "sha256:ec9901d19cadb80d9235ee41cc58983f18660314a0eb3fc7b11b0522ac3b6c4a",
                "sha256:f2abeb4c4ce7584912f4d637b2c57f23720d35dd2892bfeb1b2c84b6fb7a8c88",
                "sha256:f3bb267df679f70a9f40f17d62d22fe12e8b75e490f41807e7560de4d3e6bf9f",
                "sha256:f933ecf4cb736c7af60a6a533db2bf569717f2318b265f92907acff1db43bc34",
                "sha256:fc9c55dc1ed57db76595f2d19a479fc1c3a1be2c9da8de798a93d286c5f65f38"
            ],
            "version": "==3.10.1"
        },
        "python-valve": {
            "hashes": [
                "sha256:589283d2235bd14992c2c81f98112b20b7aeac5cb72da0597fd57eea72a19c95"
            ],
            "index": "pypi",
            "version": "==0.2.1"
        },
        "requests": {
            "hashes": [
                "sha256:27973dd4a904a4f13b263a19c866c13b92a39ed1c964655f025f3f8d3d75b804",
                "sha256:c210084e36a42ae6b9219e00e48287def368a26d03a048ddad7bfee44f75871e"
            ],
            "version": "==2.25.1"
        },
        "six": {
            "hashes": [
                "sha256:1e61c37477a1626458e36f7b1d82aa5c9b094fa4802892072e49de9c60c4c926",
                "sha256:8abb2f1d86890a2dfb989f9a77cfcfd3e47c2a354b01111771326f8aa26e0254"
            ],
            "version": "==1.16.0"
        },
        "sqlalchemy": {
            "hashes": [
                "sha256:196fb6bb2733834e506c925d7532f8eabad9d2304deef738a40846e54c31e236",
                "sha256:1dd77acbc19bee9c0ba858ff5e4e5d5c60895495c83b4df9bcdf4ad5e9b74f21",
                "sha256:216ff28fe803885ceb5b131dcee6507d28d255808dd5bcffcb3b5fa75be2e102",
                "sha256:461a4ea803ce0834822f372617a68ac97f9fa1281f2a984624554c651d7c3ae1",
                "sha256:4b09191ed22af149c07a880f309b7740f3f782ff13325bae5c6168a6aa57e715",
                "sha256:4c5e20666b33b03bf7f14953f0deb93007bf8c1342e985bd7c7cf25f46fac579",
                "sha256:4d93b62e98248e3e1ac1e91c2e6ee1e7316f704be1f734338b350b6951e6c175",
                "sha256:5732858e56d32fa7e02468f4fd2d8f01ddf709e5b93d035c637762890f8ed8b6",
                "sha256:58c02d1771bb0e61bc9ced8f3b36b5714d9ece8fd4bdbe2a44a892574c3bbc3c",
                "sha256:651cdb3adcee13624ba22d5ff3e96f91e16a115d2ca489ddc16a8e4c217e8509",
                "sha256:6fe1c8dc26bc0005439cb78ebc78772a22cccc773f5a0e67cb3002d791f53f0f",
                "sha256:7222f3236c280fab3a2d76f903b493171f0ffc29667538cc388a5d5dd0216a88",
                "sha256:7dc3d3285fb682316d580d84e6e0840fdd8ffdc05cb696db74b9dd746c729908",
                "sha256:7e45043fe11d503e1c3f9dcf5b42f92d122a814237cd9af68a11dae46ecfcae1",
                "sha256:7eb55d5583076c03aaf1510473fad2a61288490809049cb31028af56af7068ee",
                "sha256:82922a320d38d7d6aa3a8130523ec7e8c70fa95f7ca7d0fd6ec114b626e4b10b",
                "sha256:8e133e2551fa99c75849848a4ac08efb79930561eb629dd7d2dc9b7ee05256e6",
                "sha256:949ac299903d2ed8419086f81847381184e2264f3431a33af4679546dcc87f01",
                "sha256:a2d225c8863a76d15468896dc5af36f1e196b403eb9c7e0151e77ffab9e7df57",
                "sha256:a5f00a2be7d777119e15ccfb5ba0b2a92e8a193959281089d79821a001095f80",
                "sha256:b0ad951a6e590bbcfbfeadc5748ef5ec8ede505a8119a71b235f7481cc08371c",
                "sha256:b59b2c0a3b1d93027f6b6b8379a50c354483fe1ebe796c6740e157bb2e06d39a",
                "sha256:bc89e37c359dcd4d75b744e5e81af128ba678aa2ecea4be957e80e6e958a1612",
                "sha256:bde055c019e6e449ebc4ec61abd3e08690abeb028c7ada2a3b95d8e352b7b514",
                "sha256:c367ed95d41df584f412a9419b5ece85b0d6c2a08a51ae13ae47ef74ff9a9349",
                "sha256:dde05ae0987e43ec84e64d6722ce66305eda2a5e2b7d6fda004b37aabdfbb909",
                "sha256:ee6e7ca09ff274c55d19a1e15ee6f884fa0230c0d9b8d22a456e249d08dee5bf",
                "sha256:f1c68f7bd4a57ffdb85eab489362828dddf6cd565a4c18eda4c446c1d5d3059d",
                "sha256:f63e1f531a8bf52184e2afb53648511f3f8534decb7575b483a583d3cd8d13ed",
                "sha256:fdad4a33140b77df61d456922b7974c1f1bb2c35238f6809f078003a620c4734"
            ],
            "version": "==1.4.17"
        },
        "steam": {
            "hashes": [
                "sha256:ca7c026848338ca2a004c0cb73d362c94e5c1a74815c8605d34fce3a6662f9c0"
            ],
            "index": "pypi",
            "version": "==1.0.2"
        },
        "typing-extensions": {
            "hashes": [
                "sha256:0ac0f89795dd19de6b97debb0c6af1c70987fd80a2d62d1958f7e56fcc31b497",
                "sha256:50b6f157849174217d0656f99dc82fe932884fb250826c18350e159ec6cdf342",
                "sha256:779383f6086d90c99ae41cf0ff39aac8a7937a9283ce0a414e5dd782f4c94a84"
            ],
            "version": "==3.10.0.0"
        },
        "unidecode": {
            "hashes": [
                "sha256:1d7a042116536098d05d599ef2b8616759f02985c85b4fef50c78a5aaf10822a",
                "sha256:2b6aab710c2a1647e928e36d69c21e76b453cd455f4e2621000e54b2a9b8cce8"
            ],
            "index": "pypi",
            "version": "==1.1.1"
        },
        "urllib3": {
            "hashes": [
                "sha256:753a0374df26658f99d826cfe40394a686d05985786d946fbe4165b5148f5a7c",
                "sha256:a7acd0977125325f516bda9735fa7142b909a8d01e8b2e4c8108d0984e6e0098"
            ],
            "index": "pypi",
            "version": "==1.26.5"
        },
        "vdf": {
            "hashes": [
                "sha256:68c1a125cc49e343d535af2dd25074e9cb0908c6607f073947c4a04bbe234534",
                "sha256:fd5419f41e07a1009e5ffd027c7dcbe43d1f7e8ef453aeaa90d9d04b807de2af"
            ],
            "version": "==3.4"
        },
        "yarl": {
            "hashes": [
                "sha256:040b237f58ff7d800e6e0fd89c8439b841f777dd99b4a9cca04d6935564b9409",
                "sha256:17668ec6722b1b7a3a05cc0167659f6c95b436d25a36c2d52db0eca7d3f72593",
                "sha256:3a584b28086bc93c888a6c2aa5c92ed1ae20932f078c46509a66dce9ea5533f2",
                "sha256:4439be27e4eee76c7632c2427ca5e73703151b22cae23e64adb243a9c2f565d8",
                "sha256:48e918b05850fffb070a496d2b5f97fc31d15d94ca33d3d08a4f86e26d4e7c5d",
                "sha256:9102b59e8337f9874638fcfc9ac3734a0cfadb100e47d55c20d0dc6087fb4692",
                "sha256:9b930776c0ae0c691776f4d2891ebc5362af86f152dd0da463a6614074cb1b02",
                "sha256:b3b9ad80f8b68519cc3372a6ca85ae02cc5a8807723ac366b53c0f089db19e4a",
                "sha256:bc2f976c0e918659f723401c4f834deb8a8e7798a71be4382e024bcc3f7e23a8",
                "sha256:c22c75b5f394f3d47105045ea551e08a3e804dc7e01b37800ca35b58f856c3d6",
                "sha256:c52ce2883dc193824989a9b97a76ca86ecd1fa7955b14f87bf367a61b6232511",
                "sha256:ce584af5de8830d8701b8979b18fcf450cef9a382b1a3c8ef189bedc408faf1e",
                "sha256:da456eeec17fa8aa4594d9a9f27c0b1060b6a75f2419fe0c00609587b2695f4a",
                "sha256:db6db0f45d2c63ddb1a9d18d1b9b22f308e52c83638c26b422d520a815c4b3fb",
                "sha256:df89642981b94e7db5596818499c4b2219028f2a528c9c37cc1de45bf2fd3a3f",
                "sha256:f18d68f2be6bf0e89f1521af2b1bb46e66ab0018faafa81d70f358153170a317",
                "sha256:f379b7f83f23fe12823085cd6b906edc49df969eb99757f58ff382349a3303c6"
            ],
            "version": "==1.5.1"
        }
    },
    "develop": {
        "astroid": {
            "hashes": [
                "sha256:87ae7f2398b8a0ae5638ddecf9987f081b756e0e9fc071aeebdca525671fc4dc",
                "sha256:b31c92f545517dcc452f284bc9c044050862fbe6d93d2b3de4a215a6b384bf0d"
            ],
            "version": "==2.5"
        },
        "autopep8": {
            "hashes": [
                "sha256:d21d3901cb0da6ebd1e83fc9b0dfbde8b46afc2ede4fe32fbda0c7c6118ca094"
            ],
            "index": "pypi",
            "version": "==1.5.4"
        },
        "isort": {
            "hashes": [
                "sha256:0a943902919f65c5684ac4e0154b1ad4fac6dcaa5d9f3426b732f1c8b5419be6",
                "sha256:2bb1680aad211e3c9944dbce1d4ba09a989f04e238296c87fe2139faa26d655d"
            ],
            "version": "==5.8.0"
        },
        "lazy-object-proxy": {
            "hashes": [
                "sha256:17e0967ba374fc24141738c69736da90e94419338fd4c7c7bef01ee26b339653",
                "sha256:1fee665d2638491f4d6e55bd483e15ef21f6c8c2095f235fef72601021e64f61",
                "sha256:22ddd618cefe54305df49e4c069fa65715be4ad0e78e8d252a33debf00f6ede2",
                "sha256:24a5045889cc2729033b3e604d496c2b6f588c754f7a62027ad4437a7ecc4837",
                "sha256:410283732af311b51b837894fa2f24f2c0039aa7f220135192b38fcc42bd43d3",
                "sha256:4732c765372bd78a2d6b2150a6e99d00a78ec963375f236979c0626b97ed8e43",
                "sha256:489000d368377571c6f982fba6497f2aa13c6d1facc40660963da62f5c379726",
                "sha256:4f60460e9f1eb632584c9685bccea152f4ac2130e299784dbaf9fae9f49891b3",
                "sha256:5743a5ab42ae40caa8421b320ebf3a998f89c85cdc8376d6b2e00bd12bd1b587",
                "sha256:85fb7608121fd5621cc4377a8961d0b32ccf84a7285b4f1d21988b2eae2868e8",
                "sha256:9698110e36e2df951c7c36b6729e96429c9c32b3331989ef19976592c5f3c77a",
                "sha256:9d397bf41caad3f489e10774667310d73cb9c4258e9aed94b9ec734b34b495fd",
                "sha256:b579f8acbf2bdd9ea200b1d5dea36abd93cabf56cf626ab9c744a432e15c815f",
                "sha256:b865b01a2e7f96db0c5d12cfea590f98d8c5ba64ad222300d93ce6ff9138bcad",
                "sha256:bf34e368e8dd976423396555078def5cfc3039ebc6fc06d1ae2c5a65eebbcde4",
                "sha256:c6938967f8528b3668622a9ed3b31d145fab161a32f5891ea7b84f6b790be05b",
                "sha256:d1c2676e3d840852a2de7c7d5d76407c772927addff8d742b9808fe0afccebdf",
                "sha256:d7124f52f3bd259f510651450e18e0fd081ed82f3c08541dffc7b94b883aa981",
                "sha256:d900d949b707778696fdf01036f58c9876a0d8bfe116e8d220cfd4b15f14e741",
                "sha256:ebfd274dcd5133e0afae738e6d9da4323c3eb021b3e13052d8cbd0e457b1256e",
                "sha256:ed361bb83436f117f9917d282a456f9e5009ea12fd6de8742d1a4752c3017e93",
                "sha256:f5144c75445ae3ca2057faac03fda5a902eff196702b0a24daf1d6ce0650514b"
            ],
            "version": "==1.6.0"
        },
        "mccabe": {
            "hashes": [
                "sha256:ab8a6258860da4b6677da4bd2fe5dc2c659cff31b3ee4f7f5d64e79735b80d42",
                "sha256:dd8d182285a0fe56bace7f45b5e7d1a6ebcbf524e8f3bd87eb0f125271b8831f"
            ],
            "version": "==0.6.1"
        },
        "pycodestyle": {
            "hashes": [
                "sha256:514f76d918fcc0b55c6680472f0a37970994e07bbb80725808c17089be302068",
                "sha256:c389c1d06bf7904078ca03399a4816f974a1d590090fecea0c63ec26ebaf1cef"
            ],
            "version": "==2.7.0"
        },
        "pylint": {
            "hashes": [
                "sha256:bb4a908c9dadbc3aac18860550e870f58e1a02c9f2c204fdf5693d73be061210",
                "sha256:bfe68f020f8a0fece830a22dd4d5dddb4ecc6137db04face4c3420a46a52239f"
            ],
            "index": "pypi",
            "version": "==2.6.0"
        },
        "toml": {
            "hashes": [
                "sha256:806143ae5bfb6a3c6e736a764057db0e6a0e05e338b5630894a5f779cabb4f9b",
                "sha256:b3bda1d108d5dd99f4a20d24d9c348e91c4db7ab1b749200bded2f839ccbe68f"
            ],
            "version": "==0.10.2"
        },
        "wrapt": {
            "hashes": [
                "sha256:b62ffa81fb85f4332a4f609cab4ac40709470da05643a082ec1eb88e6d9b97d7"
            ],
            "version": "==1.12.1"
        }
    }
}
